
Microsoft Visual Studio Solution File, Format Version 12.00
# Visual Studio 15
Project("{FAE04EC0-301F-11D3-BF4B-00C04F79EFBC}") = "Programming Assignment 4", "Programming Assignment 4.csproj", "{FE310158-544B-B3E7-415F-86C259FFF152}"
EndProject
Global
	GlobalSection(SolutionConfigurationPlatforms) = preSolution
		Debug|Any CPU = Debug|Any CPU
		Release|Any CPU = Release|Any CPU
	EndGlobalSection
	GlobalSection(ProjectConfigurationPlatforms) = postSolution
		{FE310158-544B-B3E7-415F-86C259FFF152}.Debug|Any CPU.ActiveCfg = Debug|Any CPU
		{FE310158-544B-B3E7-415F-86C259FFF152}.Debug|Any CPU.Build.0 = Debug|Any CPU
		{FE310158-544B-B3E7-415F-86C259FFF152}.Release|Any CPU.ActiveCfg = Release|Any CPU
		{FE310158-544B-B3E7-415F-86C259FFF152}.Release|Any CPU.Build.0 = Release|Any CPU
	EndGlobalSection
	GlobalSection(SolutionProperties) = preSolution
		HideSolutionNode = FALSE
	EndGlobalSection
EndGlobal
