
Microsoft Visual Studio Solution File, Format Version 12.00
# Visual Studio 15
Project("{FAE04EC0-301F-11D3-BF4B-00C04F79EFBC}") = "Programming Assignment 2", "Programming Assignment 2.csproj", "{29EF32F2-7C5D-A823-8D64-80C14F33E10E}"
EndProject
Global
	GlobalSection(SolutionConfigurationPlatforms) = preSolution
		Debug|Any CPU = Debug|Any CPU
		Release|Any CPU = Release|Any CPU
	EndGlobalSection
	GlobalSection(ProjectConfigurationPlatforms) = postSolution
		{29EF32F2-7C5D-A823-8D64-80C14F33E10E}.Debug|Any CPU.ActiveCfg = Debug|Any CPU
		{29EF32F2-7C5D-A823-8D64-80C14F33E10E}.Debug|Any CPU.Build.0 = Debug|Any CPU
		{29EF32F2-7C5D-A823-8D64-80C14F33E10E}.Release|Any CPU.ActiveCfg = Release|Any CPU
		{29EF32F2-7C5D-A823-8D64-80C14F33E10E}.Release|Any CPU.Build.0 = Release|Any CPU
	EndGlobalSection
	GlobalSection(SolutionProperties) = preSolution
		HideSolutionNode = FALSE
	EndGlobalSection
EndGlobal
